
Microsoft Visual Studio Solution File, Format Version 12.00
# Visual Studio 15
VisualStudioVersion = 15.0.28307.1062
MinimumVisualStudioVersion = 10.0.40219.1
Project("{8BC9CEB8-8B4A-11D0-8D11-00A0C91BC942}") = "Project1", "Project1\Project1.vcxproj", "{B075A3FC-D3C8-47D6-ACB3-B11892ECC33F}"
EndProject
Global
	GlobalSection(SolutionConfigurationPlatforms) = preSolution
		Debug|x64 = Debug|x64
		Debug|x86 = Debug|x86
		Release|x64 = Release|x64
		Release|x86 = Release|x86
	EndGlobalSection
	GlobalSection(ProjectConfigurationPlatforms) = postSolution
		{B075A3FC-D3C8-47D6-ACB3-B11892ECC33F}.Debug|x64.ActiveCfg = Debug|x64
		{B075A3FC-D3C8-47D6-ACB3-B11892ECC33F}.Debug|x64.Build.0 = Debug|x64
		{B075A3FC-D3C8-47D6-ACB3-B11892ECC33F}.Debug|x86.ActiveCfg = Debug|Win32
		{B075A3FC-D3C8-47D6-ACB3-B11892ECC33F}.Debug|x86.Build.0 = Debug|Win32
		{B075A3FC-D3C8-47D6-ACB3-B11892ECC33F}.Release|x64.ActiveCfg = Release|x64
		{B075A3FC-D3C8-47D6-ACB3-B11892ECC33F}.Release|x64.Build.0 = Release|x64
		{B075A3FC-D3C8-47D6-ACB3-B11892ECC33F}.Release|x86.ActiveCfg = Release|Win32
		{B075A3FC-D3C8-47D6-ACB3-B11892ECC33F}.Release|x86.Build.0 = Release|Win32
	EndGlobalSection
	GlobalSection(SolutionProperties) = preSolution
		HideSolutionNode = FALSE
	EndGlobalSection
	GlobalSection(ExtensibilityGlobals) = postSolution
		SolutionGuid = {E9F8F2E3-345C-4968-ABF2-8D47ADBCD68F}
	EndGlobalSection
EndGlobal
